
Microsoft Visual Studio Solution File, Format Version 12.00
# Visual Studio Version 17
VisualStudioVersion = 17.5.33516.290
MinimumVisualStudioVersion = 10.0.40219.1
Project("{9A19103F-16F7-4668-BE54-9A1E7A4F7556}") = "Catalog.Domain", "Catalog.Domain\Catalog.Domain.csproj", "{BFB11E4E-EFA8-412E-9B66-36A2DDE0BFF3}"
EndProject
Global
	GlobalSection(SolutionConfigurationPlatforms) = preSolution
		Debug|Any CPU = Debug|Any CPU
		Release|Any CPU = Release|Any CPU
	EndGlobalSection
	GlobalSection(ProjectConfigurationPlatforms) = postSolution
		{BFB11E4E-EFA8-412E-9B66-36A2DDE0BFF3}.Debug|Any CPU.ActiveCfg = Debug|Any CPU
		{BFB11E4E-EFA8-412E-9B66-36A2DDE0BFF3}.Debug|Any CPU.Build.0 = Debug|Any CPU
		{BFB11E4E-EFA8-412E-9B66-36A2DDE0BFF3}.Release|Any CPU.ActiveCfg = Release|Any CPU
		{BFB11E4E-EFA8-412E-9B66-36A2DDE0BFF3}.Release|Any CPU.Build.0 = Release|Any CPU
	EndGlobalSection
	GlobalSection(SolutionProperties) = preSolution
		HideSolutionNode = FALSE
	EndGlobalSection
	GlobalSection(ExtensibilityGlobals) = postSolution
		SolutionGuid = {6302CB2C-8565-4A4B-B72B-5C770FB09E28}
	EndGlobalSection
EndGlobal
